# This file is automatically @generated by Cargo.
# It is not intended for manual editing.
version = 3

[[package]]
name = "autocfg"
version = "1.4.0"
source = "registry+https://github.com/rust-lang/crates.io-index"
checksum = "ace50bade8e6234aa140d9a2f552bbee1db4d353f69b8217bc503490fc1a9f26"

[[package]]
name = "builtin"
version = "0.1.0"
source = "git+https://github.com/verus-lang/verus.git#0eedcf063d07ea0359ebece1f142163b8a87e361"

[[package]]
name = "builtin_macros"
version = "0.1.0"
source = "git+https://github.com/verus-lang/verus.git#0eedcf063d07ea0359ebece1f142163b8a87e361"
dependencies = [
 "prettyplease_verus",
 "proc-macro2",
 "quote",
 "syn",
 "syn_verus",
 "synstructure",
]

[[package]]
name = "crate_a"
version = "0.1.0"
dependencies = [
 "builtin",
 "builtin_macros",
 "vstd",
]

[[package]]
name = "crate_b"
version = "0.1.0"
dependencies = [
 "builtin",
 "builtin_macros",
 "crate_a",
 "vstd",
]

[[package]]
name = "hashbrown"
version = "0.12.3"
source = "registry+https://github.com/rust-lang/crates.io-index"
checksum = "8a9ee70c43aaf417c914396645a0fa852624801b24ebb7ae78fe8272889ac888"

[[package]]
name = "indexmap"
version = "1.9.3"
source = "registry+https://github.com/rust-lang/crates.io-index"
checksum = "bd070e393353796e801d209ad339e89596eb4c8d430d18ede6a1cced8fafbd99"
dependencies = [
 "autocfg",
 "hashbrown",
]

[[package]]
name = "prettyplease_verus"
version = "0.1.15"
source = "git+https://github.com/verus-lang/verus.git#0eedcf063d07ea0359ebece1f142163b8a87e361"
dependencies = [
 "proc-macro2",
 "syn_verus",
]

[[package]]
name = "proc-macro2"
version = "1.0.93"
source = "registry+https://github.com/rust-lang/crates.io-index"
checksum = "60946a68e5f9d28b0dc1c21bb8a97ee7d018a8b322fa57838ba31cc878e22d99"
dependencies = [
 "unicode-ident",
]

[[package]]
name = "quote"
version = "1.0.38"
source = "registry+https://github.com/rust-lang/crates.io-index"
checksum = "0e4dccaaaf89514f546c693ddc140f729f958c247918a13380cccc6078391acc"
dependencies = [
 "proc-macro2",
]

[[package]]
name = "state_machines_macros"
version = "0.1.0"
source = "git+https://github.com/verus-lang/verus.git#0eedcf063d07ea0359ebece1f142163b8a87e361"
dependencies = [
 "indexmap",
 "proc-macro2",
 "quote",
 "syn_verus",
]

[[package]]
name = "syn"
version = "1.0.109"
source = "registry+https://github.com/rust-lang/crates.io-index"
checksum = "72b64191b275b66ffe2469e8af2c1cfe3bafa67b529ead792a6d0160888b4237"
dependencies = [
 "proc-macro2",
 "quote",
 "unicode-ident",
]

[[package]]
name = "syn_verus"
version = "1.0.95"
source = "git+https://github.com/verus-lang/verus.git#0eedcf063d07ea0359ebece1f142163b8a87e361"
dependencies = [
 "proc-macro2",
 "quote",
 "unicode-ident",
]

[[package]]
name = "synstructure"
version = "0.12.6"
source = "registry+https://github.com/rust-lang/crates.io-index"
checksum = "f36bdaa60a83aca3921b5259d5400cbf5e90fc51931376a9bd4a0eb79aa7210f"
dependencies = [
 "proc-macro2",
 "quote",
 "syn",
 "unicode-xid",
]

[[package]]
name = "unicode-ident"
version = "1.0.15"
source = "registry+https://github.com/rust-lang/crates.io-index"
checksum = "11cd88e12b17c6494200a9c1b683a04fcac9573ed74cd1b62aeb2727c5592243"

[[package]]
name = "unicode-xid"
version = "0.2.6"
source = "registry+https://github.com/rust-lang/crates.io-index"
checksum = "ebc1c04c71510c7f702b52b7c350734c9ff1295c464a03335b00bb84fc54f853"

[[package]]
name = "vstd"
version = "0.1.0"
source = "git+https://github.com/verus-lang/verus.git#0eedcf063d07ea0359ebece1f142163b8a87e361"
dependencies = [
 "builtin",
 "builtin_macros",
 "state_machines_macros",
]
